%{
  "argon2_elixir": {:hex, :argon2_elixir, "1.3.1", "02a3d55a2670d25df25d75adcef2d74662c72bbc85aba17ca0ea585764b59ef4", [:make, :mix], [{:elixir_make, "~> 0.4", [hex: :elixir_make, repo: "hexpm", optional: false]}], "hexpm", "916719ba29aff80673ee3e92cc8bd288fc502592f297bae7f0e2ddca0f910b48"},
  "artificery": {:hex, :artificery, "0.4.2", "3ded6e29e13113af52811c72f414d1e88f711410cac1b619ab3a2666bbd7efd4", [:mix], [], "hexpm", "514586f4312ef3709a3ccbd8e55f69455add235c1729656687bb781d10d0afdb"},
  "calendar": {:hex, :calendar, "0.17.4", "22c5e8d98a4db9494396e5727108dffb820ee0d18fed4b0aa8ab76e4f5bc32f1", [:mix], [{:tzdata, "~> 0.5.8 or ~> 0.1.201603", [hex: :tzdata, repo: "hexpm", optional: false]}], "hexpm", "5a060b05a869a4acfc7678e3521143b39165a78ee2ccd69850a6b92a526af58a"},
  "certifi": {:hex, :certifi, "2.4.2", "75424ff0f3baaccfd34b1214184b6ef616d89e420b258bb0a5ea7d7bc628f7f0", [:rebar3], [{:parse_trans, "~>3.3", [hex: :parse_trans, repo: "hexpm", optional: false]}], "hexpm", "01d479edba0569a7b7a2c8bf923feeb6dc6a358edc2965ef69aea9ba288bb243"},
  "combine": {:hex, :combine, "0.10.0", "eff8224eeb56498a2af13011d142c5e7997a80c8f5b97c499f84c841032e429f", [:mix], [], "hexpm", "1b1dbc1790073076580d0d1d64e42eae2366583e7aecd455d1215b0d16f2451b"},
  "comeonin": {:hex, :comeonin, "4.1.1", "c7304fc29b45b897b34142a91122bc72757bc0c295e9e824999d5179ffc08416", [:mix], [{:argon2_elixir, "~> 1.2", [hex: :argon2_elixir, repo: "hexpm", optional: true]}, {:bcrypt_elixir, "~> 0.12.1 or ~> 1.0", [hex: :bcrypt_elixir, repo: "hexpm", optional: true]}, {:pbkdf2_elixir, "~> 0.12", [hex: :pbkdf2_elixir, repo: "hexpm", optional: true]}], "hexpm", "48b5691682dc7b4d744af1fe4660c6bceb14e49acf2a900309a20990a0eb7d64"},
  "connection": {:hex, :connection, "1.1.0", "ff2a49c4b75b6fb3e674bfc5536451607270aac754ffd1bdfe175abe4a6d7a68", [:mix], [], "hexpm", "722c1eb0a418fbe91ba7bd59a47e28008a189d47e37e0e7bb85585a016b2869c"},
  "cowboy": {:hex, :cowboy, "2.5.0", "4ef3ae066ee10fe01ea3272edc8f024347a0d3eb95f6fbb9aed556dacbfc1337", [:rebar3], [{:cowlib, "~> 2.6.0", [hex: :cowlib, repo: "hexpm", optional: false]}, {:ranch, "~> 1.6.2", [hex: :ranch, repo: "hexpm", optional: false]}], "hexpm", "07763d253314bd76017157e3a33e2cd32c1500e0ecf7ceb4e80aa09d2939aa30"},
  "cowlib": {:hex, :cowlib, "2.6.0", "8aa629f81a0fc189f261dc98a42243fa842625feea3c7ec56c48f4ccdb55490f", [:rebar3], [], "hexpm", "45a1a08e05e4c66f2af665295955e337d52c2d33b1f1cf24d353cadeddf34992"},
  "db_connection": {:hex, :db_connection, "2.4.1", "6411f6e23f1a8b68a82fa3a36366d4881f21f47fc79a9efb8c615e62050219da", [:mix], [{:connection, "~> 1.0", [hex: :connection, repo: "hexpm", optional: false]}, {:telemetry, "~> 0.4 or ~> 1.0", [hex: :telemetry, repo: "hexpm", optional: false]}], "hexpm", "ea36d226ec5999781a9a8ad64e5d8c4454ecedc7a4d643e4832bf08efca01f00"},
  "decimal": {:hex, :decimal, "1.9.0", "83e8daf59631d632b171faabafb4a9f4242c514b0a06ba3df493951c08f64d07", [:mix], [], "hexpm", "b1f2343568eed6928f3e751cf2dffde95bfaa19dd95d09e8a9ea92ccfd6f7d85"},
  "distillery": {:hex, :distillery, "2.1.1", "f9332afc2eec8a1a2b86f22429e068ef35f84a93ea1718265e740d90dd367814", [:mix], [{:artificery, "~> 0.2", [hex: :artificery, repo: "hexpm", optional: false]}], "hexpm", "bbc7008b0161a6f130d8d903b5b3232351fccc9c31a991f8fcbf2a12ace22995"},
  "earmark": {:hex, :earmark, "1.2.6", "b6da42b3831458d3ecc57314dff3051b080b9b2be88c2e5aa41cd642a5b044ed", [:mix], [], "hexpm", "b42a23e9bd92d65d16db2f75553982e58519054095356a418bb8320bbacb58b1"},
  "ecto": {:hex, :ecto, "3.7.1", "a20598862351b29f80f285b21ec5297da1181c0442687f9b8329f0445d228892", [:mix], [{:decimal, "~> 1.6 or ~> 2.0", [hex: :decimal, repo: "hexpm", optional: false]}, {:jason, "~> 1.0", [hex: :jason, repo: "hexpm", optional: true]}, {:telemetry, "~> 0.4 or ~> 1.0", [hex: :telemetry, repo: "hexpm", optional: false]}], "hexpm", "d36e5b39fc479e654cffd4dbe1865d9716e4a9b6311faff799b6f90ab81b8638"},
  "ecto_sql": {:hex, :ecto_sql, "3.7.1", "8de624ef50b2a8540252d8c60506379fbbc2707be1606853df371cf53df5d053", [:mix], [{:db_connection, "~> 2.2", [hex: :db_connection, repo: "hexpm", optional: false]}, {:ecto, "~> 3.7.0", [hex: :ecto, repo: "hexpm", optional: false]}, {:myxql, "~> 0.4.0 or ~> 0.5.0", [hex: :myxql, repo: "hexpm", optional: true]}, {:postgrex, "~> 0.15.0 or ~> 1.0", [hex: :postgrex, repo: "hexpm", optional: true]}, {:tds, "~> 2.1.1 or ~> 2.2", [hex: :tds, repo: "hexpm", optional: true]}, {:telemetry, "~> 0.4.0 or ~> 1.0", [hex: :telemetry, repo: "hexpm", optional: false]}], "hexpm", "2b42a32e2ce92f64aba5c88617891ab3b0ba34f3f3a503fa20009eae1a401c81"},
  "egd": {:git, "https://github.com/erlang/egd.git", "1cea959544de7dd40a3284ba571a58939de57616", []},
  "elixir_make": {:hex, :elixir_make, "0.4.2", "332c649d08c18bc1ecc73b1befc68c647136de4f340b548844efc796405743bf", [:mix], [], "hexpm", "727834332ec92c69d91d1111f2de8519b459bce6730db2c0e0c2f46c7fd29374"},
  "ex_doc": {:hex, :ex_doc, "0.19.1", "519bb9c19526ca51d326c060cb1778d4a9056b190086a8c6c115828eaccea6cf", [:mix], [{:earmark, "~> 1.1", [hex: :earmark, repo: "hexpm", optional: false]}, {:makeup_elixir, "~> 0.7", [hex: :makeup_elixir, repo: "hexpm", optional: false]}], "hexpm", "dc87f778d8260da0189a622f62790f6202af72f2f3dee6e78d91a18dd2fcd137"},
  "gettext": {:hex, :gettext, "0.16.0", "4a7e90408cef5f1bf57c5a39e2db8c372a906031cc9b1466e963101cb927dafc", [:mix], [], "hexpm", "80493964a1ef9c4013486c9b6fdb1c1448d0d30ddf113678334b557724decf42"},
  "hackney": {:hex, :hackney, "1.14.3", "b5f6f5dcc4f1fba340762738759209e21914516df6be440d85772542d4a5e412", [:rebar3], [{:certifi, "2.4.2", [hex: :certifi, repo: "hexpm", optional: false]}, {:idna, "6.0.0", [hex: :idna, repo: "hexpm", optional: false]}, {:metrics, "1.0.1", [hex: :metrics, repo: "hexpm", optional: false]}, {:mimerl, "1.0.2", [hex: :mimerl, repo: "hexpm", optional: false]}, {:ssl_verify_fun, "1.1.4", [hex: :ssl_verify_fun, repo: "hexpm", optional: false]}], "hexpm", "ed15491f324aa0e95647dca8ef4340418dac479d1204d57e455d52dcfba3f705"},
  "html_entities": {:hex, :html_entities, "0.4.0", "f2fee876858cf6aaa9db608820a3209e45a087c5177332799592142b50e89a6b", [:mix], [], "hexpm", "3e3d7156a272950373ce5a4018b1490bea26676f8d6a7d409f6fac8568b8cb9a"},
  "identicon": {:git, "https://github.com/Kociamber/identicon.git", "9be5858f5f6bd052c1d74d89f1565ab8adb89c9a", []},
  "idna": {:hex, :idna, "6.0.0", "689c46cbcdf3524c44d5f3dde8001f364cd7608a99556d8fbd8239a5798d4c10", [:rebar3], [{:unicode_util_compat, "0.4.1", [hex: :unicode_util_compat, repo: "hexpm", optional: false]}], "hexpm", "4bdd305eb64e18b0273864920695cb18d7a2021f31a11b9c5fbcd9a253f936e2"},
  "jason": {:hex, :jason, "1.2.2", "ba43e3f2709fd1aa1dce90aaabfd039d000469c05c56f0b8e31978e03fa39052", [:mix], [{:decimal, "~> 1.0 or ~> 2.0", [hex: :decimal, repo: "hexpm", optional: true]}], "hexpm", "18a228f5f0058ee183f29f9eae0805c6e59d61c3b006760668d8d18ff0d12179"},
  "jiffy": {:hex, :jiffy, "1.0.8", "60e36f00be35e5ac6e6cf2d4caf3bdf3103d4460aff385f543a8d7df2d6d9613", [:rebar3], [], "hexpm", "f9ae986ba5a0854eb48cf6a76192d9367086da86c20197da430630be7c087a4e"},
  "logger_file_backend": {:git, "https://github.com/TylerTemp/logger_file_backend.git", "cf294c7079bc51601a39f3462307e1efd1e57222", []},
  "makeup": {:hex, :makeup, "0.5.5", "9e08dfc45280c5684d771ad58159f718a7b5788596099bdfb0284597d368a882", [:mix], [{:nimble_parsec, "~> 0.4", [hex: :nimble_parsec, repo: "hexpm", optional: false]}], "hexpm", "d7152ff93f2eac07905f510dfa03397134345ba4673a00fbf7119bab98632940"},
  "makeup_elixir": {:hex, :makeup_elixir, "0.10.0", "0f09c2ddf352887a956d84f8f7e702111122ca32fbbc84c2f0569b8b65cbf7fa", [:mix], [{:makeup, "~> 0.5.5", [hex: :makeup, repo: "hexpm", optional: false]}], "hexpm", "4a36dd2d0d5c5f98d95b3f410d7071cd661d5af310472229dd0e92161f168a44"},
  "metrics": {:hex, :metrics, "1.0.1", "25f094dea2cda98213cecc3aeff09e940299d950904393b2a29d191c346a8486", [:rebar3], [], "hexpm", "69b09adddc4f74a40716ae54d140f93beb0fb8978d8636eaded0c31b6f099f16"},
  "mime": {:hex, :mime, "1.3.0", "5e8d45a39e95c650900d03f897fbf99ae04f60ab1daa4a34c7a20a5151b7a5fe", [:mix], [], "hexpm", "5e839994289d60326aa86020c4fbd9c6938af188ecddab2579f07b66cd665328"},
  "mimerl": {:hex, :mimerl, "1.0.2", "993f9b0e084083405ed8252b99460c4f0563e41729ab42d9074fd5e52439be88", [:rebar3], [], "hexpm", "7a4c8e1115a2732a67d7624e28cf6c9f30c66711a9e92928e745c255887ba465"},
  "nimble_parsec": {:hex, :nimble_parsec, "0.4.0", "ee261bb53214943679422be70f1658fff573c5d0b0a1ecd0f18738944f818efe", [:mix], [], "hexpm", "ebb595e19456a72786db6dcd370d320350cb624f0b6203fcc7e23161d49b0ffb"},
  "parse_trans": {:hex, :parse_trans, "3.3.0", "09765507a3c7590a784615cfd421d101aec25098d50b89d7aa1d66646bc571c1", [:rebar3], [], "hexpm", "17ef63abde837ad30680ea7f857dd9e7ced9476cdd7b0394432af4bfc241b960"},
  "plug": {:hex, :plug, "1.7.1", "8516d565fb84a6a8b2ca722e74e2cd25ca0fc9d64f364ec9dbec09d33eb78ccd", [:mix], [{:mime, "~> 1.0", [hex: :mime, repo: "hexpm", optional: false]}, {:plug_crypto, "~> 1.0", [hex: :plug_crypto, repo: "hexpm", optional: false]}], "hexpm", "daa5fee4209c12c3c48b05a96cf88c320b627c9575f987554dcdc1fdcdf2c15e"},
  "plug_cowboy": {:hex, :plug_cowboy, "2.0.0", "ab0c92728f2ba43c544cce85f0f220d8d30fc0c90eaa1e6203683ab039655062", [:mix], [{:cowboy, "~> 2.5", [hex: :cowboy, repo: "hexpm", optional: false]}, {:plug, "~> 1.7", [hex: :plug, repo: "hexpm", optional: false]}], "hexpm", "fa9087d93f4962d099b9c4246dbea97c2f2e6aab1029e8b8206e733a1274cecc"},
  "plug_crypto": {:hex, :plug_crypto, "1.0.0", "18e49317d3fa343f24620ed22795ec29d4a5e602d52d1513ccea0b07d8ea7d4d", [:mix], [], "hexpm", "73c1682f0e414cfb5d9b95c8e8cd6ffcfdae699e3b05e1db744e58b7be857759"},
  "postgrex": {:hex, :postgrex, "0.15.11", "50abbb50f33d22d79af402e549b9a566ba4f0451b4f5fd39b72d9bbd49743d24", [:mix], [{:connection, "~> 1.0", [hex: :connection, repo: "hexpm", optional: false]}, {:db_connection, "~> 2.1", [hex: :db_connection, repo: "hexpm", optional: false]}, {:decimal, "~> 1.5 or ~> 2.0", [hex: :decimal, repo: "hexpm", optional: false]}, {:jason, "~> 1.0", [hex: :jason, repo: "hexpm", optional: true]}], "hexpm", "6f0e5c3ea10f97468f5ff852277cb207f068399eb68b0c06c142ef68a4e82952"},
  "ranch": {:hex, :ranch, "1.6.2", "6db93c78f411ee033dbb18ba8234c5574883acb9a75af0fb90a9b82ea46afa00", [:rebar3], [], "hexpm", "0b65d1de7f1ebe96feb57803c8d698f7776b663ba10b6dcff34527e4a4f8ff43"},
  "ssl_verify_fun": {:hex, :ssl_verify_fun, "1.1.4", "f0eafff810d2041e93f915ef59899c923f4568f4585904d010387ed74988e77b", [:make, :mix, :rebar3], [], "hexpm", "603561dc0fd62f4f2ea9b890f4e20e1a0d388746d6e20557cafb1b16950de88c"},
  "telemetry": {:hex, :telemetry, "1.0.0", "0f453a102cdf13d506b7c0ab158324c337c41f1cc7548f0bc0e130bbf0ae9452", [:rebar3], [], "hexpm", "73bc09fa59b4a0284efb4624335583c528e07ec9ae76aca96ea0673850aec57a"},
  "timex": {:hex, :timex, "3.4.1", "e63fc1a37453035e534c3febfe9b6b9e18583ec7b37fd9c390efdef97397d70b", [:mix], [{:combine, "~> 0.10", [hex: :combine, repo: "hexpm", optional: false]}, {:gettext, "~> 0.10", [hex: :gettext, repo: "hexpm", optional: false]}, {:tzdata, "~> 0.1.8 or ~> 0.5", [hex: :tzdata, repo: "hexpm", optional: false]}], "hexpm", "d7a5515113e63d62bb69a7ac657ee1fffd1940075feb36a844b554df9fe9c3e8"},
  "tzdata": {:hex, :tzdata, "0.5.19", "7962a3997bf06303b7d1772988ede22260f3dae1bf897408ebdac2b4435f4e6a", [:mix], [{:hackney, "~> 1.0", [hex: :hackney, repo: "hexpm", optional: false]}], "hexpm", "9d73d54f2cd2780da2cb8148c5f9cd35ddc5639467568d2297002ca20ea6bbf7"},
  "unicode_util_compat": {:hex, :unicode_util_compat, "0.4.1", "d869e4c68901dd9531385bb0c8c40444ebf624e60b6962d95952775cac5e90cd", [:rebar3], [], "hexpm", "1d1848c40487cdb0b30e8ed975e34e025860c02e419cb615d255849f3427439d"},
}
